
Microsoft Visual Studio Solution File, Format Version 12.00
# Visual Studio Version 17
VisualStudioVersion = 17.11.35219.272
MinimumVisualStudioVersion = 10.0.40219.1
Project("{FAE04EC0-301F-11D3-BF4B-00C04F79EFBC}") = "DockerManager", "DockerManager\DockerManager.csproj", "{2B2EE391-60AD-43EF-AE82-505B004AB848}"
EndProject
Global
	GlobalSection(SolutionConfigurationPlatforms) = preSolution
		Debug|Any CPU = Debug|Any CPU
		Release|Any CPU = Release|Any CPU
	EndGlobalSection
	GlobalSection(ProjectConfigurationPlatforms) = postSolution
		{2B2EE391-60AD-43EF-AE82-505B004AB848}.Debug|Any CPU.ActiveCfg = Debug|Any CPU
		{2B2EE391-60AD-43EF-AE82-505B004AB848}.Debug|Any CPU.Build.0 = Debug|Any CPU
		{2B2EE391-60AD-43EF-AE82-505B004AB848}.Release|Any CPU.ActiveCfg = Release|Any CPU
		{2B2EE391-60AD-43EF-AE82-505B004AB848}.Release|Any CPU.Build.0 = Release|Any CPU
	EndGlobalSection
	GlobalSection(SolutionProperties) = preSolution
		HideSolutionNode = FALSE
	EndGlobalSection
	GlobalSection(ExtensibilityGlobals) = postSolution
		SolutionGuid = {AFE6B472-9F99-425A-92E9-478003AC0F19}
	EndGlobalSection
EndGlobal
